
Microsoft Visual Studio Solution File, Format Version 12.00
# Visual Studio Version 17
VisualStudioVersion = 17.14.37012.4
MinimumVisualStudioVersion = 10.0.40219.1
Project("{FAE04EC0-301F-11D3-BF4B-00C04F79EFBC}") = "Mercedes", "Mercedes.csproj", "{5B1F6309-1C1E-AF48-1333-3E163CB1F321}"
EndProject
Project("{FAE04EC0-301F-11D3-BF4B-00C04F79EFBC}") = "Client", "..\Client\Client.csproj", "{7AF3F17A-4603-4634-8444-EC3C8D18BF51}"
EndProject
Project("{FAE04EC0-301F-11D3-BF4B-00C04F79EFBC}") = "Masina", "..\Masina\Masina.csproj", "{377BA20A-B7AA-431E-84D0-0926B8263577}"
EndProject
Global
	GlobalSection(SolutionConfigurationPlatforms) = preSolution
		Debug|Any CPU = Debug|Any CPU
		Release|Any CPU = Release|Any CPU
	EndGlobalSection
	GlobalSection(ProjectConfigurationPlatforms) = postSolution
		{5B1F6309-1C1E-AF48-1333-3E163CB1F321}.Debug|Any CPU.ActiveCfg = Debug|Any CPU
		{5B1F6309-1C1E-AF48-1333-3E163CB1F321}.Debug|Any CPU.Build.0 = Debug|Any CPU
		{5B1F6309-1C1E-AF48-1333-3E163CB1F321}.Release|Any CPU.ActiveCfg = Release|Any CPU
		{5B1F6309-1C1E-AF48-1333-3E163CB1F321}.Release|Any CPU.Build.0 = Release|Any CPU
		{7AF3F17A-4603-4634-8444-EC3C8D18BF51}.Debug|Any CPU.ActiveCfg = Debug|Any CPU
		{7AF3F17A-4603-4634-8444-EC3C8D18BF51}.Debug|Any CPU.Build.0 = Debug|Any CPU
		{7AF3F17A-4603-4634-8444-EC3C8D18BF51}.Release|Any CPU.ActiveCfg = Release|Any CPU
		{7AF3F17A-4603-4634-8444-EC3C8D18BF51}.Release|Any CPU.Build.0 = Release|Any CPU
		{377BA20A-B7AA-431E-84D0-0926B8263577}.Debug|Any CPU.ActiveCfg = Debug|Any CPU
		{377BA20A-B7AA-431E-84D0-0926B8263577}.Debug|Any CPU.Build.0 = Debug|Any CPU
		{377BA20A-B7AA-431E-84D0-0926B8263577}.Release|Any CPU.ActiveCfg = Release|Any CPU
		{377BA20A-B7AA-431E-84D0-0926B8263577}.Release|Any CPU.Build.0 = Release|Any CPU
	EndGlobalSection
	GlobalSection(SolutionProperties) = preSolution
		HideSolutionNode = FALSE
	EndGlobalSection
	GlobalSection(ExtensibilityGlobals) = postSolution
		SolutionGuid = {9D93E2F3-618F-4711-BAB1-9456FF0D291C}
	EndGlobalSection
EndGlobal
